
Microsoft Visual Studio Solution File, Format Version 12.00
# Visual Studio Version 17
VisualStudioVersion = 17.12.35521.163 d17.12
MinimumVisualStudioVersion = 10.0.40219.1
Project("{FAE04EC0-301F-11D3-BF4B-00C04F79EFBC}") = "Documentation", "Documentation.csproj", "{6084922D-D02B-48E2-B37D-31CE8D221C04}"
EndProject
Project("{FAE04EC0-301F-11D3-BF4B-00C04F79EFBC}") = "Docable", "theme\Docable.csproj", "{5A8FC5B8-F339-43C5-8449-CCCB497A415F}"
EndProject
Global
	GlobalSection(SolutionConfigurationPlatforms) = preSolution
		Debug|Any CPU = Debug|Any CPU
		Release|Any CPU = Release|Any CPU
	EndGlobalSection
	GlobalSection(ProjectConfigurationPlatforms) = postSolution
		{6084922D-D02B-48E2-B37D-31CE8D221C04}.Debug|Any CPU.ActiveCfg = Debug|Any CPU
		{6084922D-D02B-48E2-B37D-31CE8D221C04}.Debug|Any CPU.Build.0 = Debug|Any CPU
		{6084922D-D02B-48E2-B37D-31CE8D221C04}.Release|Any CPU.ActiveCfg = Release|Any CPU
		{6084922D-D02B-48E2-B37D-31CE8D221C04}.Release|Any CPU.Build.0 = Release|Any CPU
		{5A8FC5B8-F339-43C5-8449-CCCB497A415F}.Debug|Any CPU.ActiveCfg = Debug|Any CPU
		{5A8FC5B8-F339-43C5-8449-CCCB497A415F}.Debug|Any CPU.Build.0 = Debug|Any CPU
		{5A8FC5B8-F339-43C5-8449-CCCB497A415F}.Release|Any CPU.ActiveCfg = Release|Any CPU
		{5A8FC5B8-F339-43C5-8449-CCCB497A415F}.Release|Any CPU.Build.0 = Release|Any CPU
	EndGlobalSection
	GlobalSection(SolutionProperties) = preSolution
		HideSolutionNode = FALSE
	EndGlobalSection
EndGlobal
